// !$*UTF8*$!
{
	archiveVersion = 1;
	classes = {
	};
	objectVersion = 56;
	objects = {

/* Begin PBXBuildFile section */
		958CB03F2AF5E85800BFEEA8 /* devmocksApp.swift in Sources */ = {isa = PBXBuildFile; fileRef = 958CB03E2AF5E85800BFEEA8 /* devmocksApp.swift */; };
		958CB0412AF5E85800BFEEA8 /* ContentView.swift in Sources */ = {isa = PBXBuildFile; fileRef = 958CB0402AF5E85800BFEEA8 /* ContentView.swift */; };
		958CB0432AF5E85A00BFEEA8 /* Assets.xcassets in Resources */ = {isa = PBXBuildFile; fileRef = 958CB0422AF5E85A00BFEEA8 /* Assets.xcassets */; };
		958CB0462AF5E85A00BFEEA8 /* Preview Assets.xcassets in Resources */ = {isa = PBXBuildFile; fileRef = 958CB0452AF5E85A00BFEEA8 /* Preview Assets.xcassets */; };
		958CB0502AF5E85B00BFEEA8 /* devmocksTests.swift in Sources */ = {isa = PBXBuildFile; fileRef = 958CB04F2AF5E85B00BFEEA8 /* devmocksTests.swift */; };
		958CB05A2AF5E85B00BFEEA8 /* devmocksUITests.swift in Sources */ = {isa = PBXBuildFile; fileRef = 958CB0592AF5E85B00BFEEA8 /* devmocksUITests.swift */; };
		958CB05C2AF5E85B00BFEEA8 /* devmocksUITestsLaunchTests.swift in Sources */ = {isa = PBXBuildFile; fileRef = 958CB05B2AF5E85B00BFEEA8 /* devmocksUITestsLaunchTests.swift */; };
		958CB0692AF603CE00BFEEA8 /* DailyPrompt.swift in Sources */ = {isa = PBXBuildFile; fileRef = 958CB0682AF603CE00BFEEA8 /* DailyPrompt.swift */; };
/* End PBXBuildFile section */

/* Begin PBXContainerItemProxy section */
		958CB04C2AF5E85B00BFEEA8 /* PBXContainerItemProxy */ = {
			isa = PBXContainerItemProxy;
			containerPortal = 958CB0332AF5E85800BFEEA8 /* Project object */;
			proxyType = 1;
			remoteGlobalIDString = 958CB03A2AF5E85800BFEEA8;
			remoteInfo = devmocks;
		};
		958CB0562AF5E85B00BFEEA8 /* PBXContainerItemProxy */ = {
			isa = PBXContainerItemProxy;
			containerPortal = 958CB0332AF5E85800BFEEA8 /* Project object */;
			proxyType = 1;
			remoteGlobalIDString = 958CB03A2AF5E85800BFEEA8;
			remoteInfo = devmocks;
		};
/* End PBXContainerItemProxy section */

/* Begin PBXFileReference section */
		958CB03B2AF5E85800BFEEA8 /* devmocks.app */ = {isa = PBXFileReference; explicitFileType = wrapper.application; includeInIndex = 0; path = devmocks.app; sourceTree = BUILT_PRODUCTS_DIR; };
		958CB03E2AF5E85800BFEEA8 /* devmocksApp.swift */ = {isa = PBXFileReference; lastKnownFileType = sourcecode.swift; path = devmocksApp.swift; sourceTree = "<group>"; };
		958CB0402AF5E85800BFEEA8 /* ContentView.swift */ = {isa = PBXFileReference; lastKnownFileType = sourcecode.swift; path = ContentView.swift; sourceTree = "<group>"; };
		958CB0422AF5E85A00BFEEA8 /* Assets.xcassets */ = {isa = PBXFileReference; lastKnownFileType = folder.assetcatalog; path = Assets.xcassets; sourceTree = "<group>"; };
		958CB0452AF5E85A00BFEEA8 /* Preview Assets.xcassets */ = {isa = PBXFileReference; lastKnownFileType = folder.assetcatalog; path = "Preview Assets.xcassets"; sourceTree = "<group>"; };
		958CB04B2AF5E85B00BFEEA8 /* devmocksTests.xctest */ = {isa = PBXFileReference; explicitFileType = wrapper.cfbundle; includeInIndex = 0; path = devmocksTests.xctest; sourceTree = BUILT_PRODUCTS_DIR; };
		958CB04F2AF5E85B00BFEEA8 /* devmocksTests.swift */ = {isa = PBXFileReference; lastKnownFileType = sourcecode.swift; path = devmocksTests.swift; sourceTree = "<group>"; };
		958CB0552AF5E85B00BFEEA8 /* devmocksUITests.xctest */ = {isa = PBXFileReference; explicitFileType = wrapper.cfbundle; includeInIndex = 0; path = devmocksUITests.xctest; sourceTree = BUILT_PRODUCTS_DIR; };
		958CB0592AF5E85B00BFEEA8 /* devmocksUITests.swift */ = {isa = PBXFileReference; lastKnownFileType = sourcecode.swift; path = devmocksUITests.swift; sourceTree = "<group>"; };
		958CB05B2AF5E85B00BFEEA8 /* devmocksUITestsLaunchTests.swift */ = {isa = PBXFileReference; lastKnownFileType = sourcecode.swift; path = devmocksUITestsLaunchTests.swift; sourceTree = "<group>"; };
		958CB0682AF603CE00BFEEA8 /* DailyPrompt.swift */ = {isa = PBXFileReference; lastKnownFileType = sourcecode.swift; path = DailyPrompt.swift; sourceTree = "<group>"; };
/* End PBXFileReference section */

/* Begin PBXFrameworksBuildPhase section */
		958CB0382AF5E85800BFEEA8 /* Frameworks */ = {
			isa = PBXFrameworksBuildPhase;
			buildActionMask = 2147483647;
			files = (
			);
			runOnlyForDeploymentPostprocessing = 0;
		};
		958CB0482AF5E85B00BFEEA8 /* Frameworks */ = {
			isa = PBXFrameworksBuildPhase;
			buildActionMask = 2147483647;
			files = (
			);
			runOnlyForDeploymentPostprocessing = 0;
		};
		958CB0522AF5E85B00BFEEA8 /* Frameworks */ = {
			isa = PBXFrameworksBuildPhase;
			buildActionMask = 2147483647;
			files = (
			);
			runOnlyForDeploymentPostprocessing = 0;
		};
/* End PBXFrameworksBuildPhase section */

/* Begin PBXGroup section */
		958CB0322AF5E85800BFEEA8 = {
			isa = PBXGroup;
			children = (
				958CB03D2AF5E85800BFEEA8 /* devmocks */,
				958CB04E2AF5E85B00BFEEA8 /* devmocksTests */,
				958CB0582AF5E85B00BFEEA8 /* devmocksUITests */,
				958CB03C2AF5E85800BFEEA8 /* Products */,
			);
			sourceTree = "<group>";
		};
		958CB03C2AF5E85800BFEEA8 /* Products */ = {
			isa = PBXGroup;
			children = (
				958CB03B2AF5E85800BFEEA8 /* devmocks.app */,
				958CB04B2AF5E85B00BFEEA8 /* devmocksTests.xctest */,
				958CB0552AF5E85B00BFEEA8 /* devmocksUITests.xctest */,
			);
			name = Products;
			sourceTree = "<group>";
		};
		958CB03D2AF5E85800BFEEA8 /* devmocks */ = {
			isa = PBXGroup;
			children = (
				958CB03E2AF5E85800BFEEA8 /* devmocksApp.swift */,
				958CB0402AF5E85800BFEEA8 /* ContentView.swift */,
				958CB0682AF603CE00BFEEA8 /* DailyPrompt.swift */,
				958CB0422AF5E85A00BFEEA8 /* Assets.xcassets */,
				958CB0442AF5E85A00BFEEA8 /* Preview Content */,
			);
			path = devmocks;
			sourceTree = "<group>";
		};
		958CB0442AF5E85A00BFEEA8 /* Preview Content */ = {
			isa = PBXGroup;
			children = (
				958CB0452AF5E85A00BFEEA8 /* Preview Assets.xcassets */,
			);
			path = "Preview Content";
			sourceTree = "<group>";
		};
		958CB04E2AF5E85B00BFEEA8 /* devmocksTests */ = {
			isa = PBXGroup;
			children = (
				958CB04F2AF5E85B00BFEEA8 /* devmocksTests.swift */,
			);
			path = devmocksTests;
			sourceTree = "<group>";
		};
		958CB0582AF5E85B00BFEEA8 /* devmocksUITests */ = {
			isa = PBXGroup;
			children = (
				958CB0592AF5E85B00BFEEA8 /* devmocksUITests.swift */,
				958CB05B2AF5E85B00BFEEA8 /* devmocksUITestsLaunchTests.swift */,
			);
			path = devmocksUITests;
			sourceTree = "<group>";
		};
/* End PBXGroup section */

/* Begin PBXNativeTarget section */
		958CB03A2AF5E85800BFEEA8 /* devmocks */ = {
			isa = PBXNativeTarget;
			buildConfigurationList = 958CB05F2AF5E85B00BFEEA8 /* Build configuration list for PBXNativeTarget "devmocks" */;
			buildPhases = (
				958CB0372AF5E85800BFEEA8 /* Sources */,
				958CB0382AF5E85800BFEEA8 /* Frameworks */,
				958CB0392AF5E85800BFEEA8 /* Resources */,
			);
			buildRules = (
			);
			dependencies = (
			);
			name = devmocks;
			productName = devmocks;
			productReference = 958CB03B2AF5E85800BFEEA8 /* devmocks.app */;
			productType = "com.apple.product-type.application";
		};
		958CB04A2AF5E85B00BFEEA8 /* devmocksTests */ = {
			isa = PBXNativeTarget;
			buildConfigurationList = 958CB0622AF5E85B00BFEEA8 /* Build configuration list for PBXNativeTarget "devmocksTests" */;
			buildPhases = (
				958CB0472AF5E85B00BFEEA8 /* Sources */,
				958CB0482AF5E85B00BFEEA8 /* Frameworks */,
				958CB0492AF5E85B00BFEEA8 /* Resources */,
			);
			buildRules = (
			);
			dependencies = (
				958CB04D2AF5E85B00BFEEA8 /* PBXTargetDependency */,
			);
			name = devmocksTests;
			productName = devmocksTests;
			productReference = 958CB04B2AF5E85B00BFEEA8 /* devmocksTests.xctest */;
			productType = "com.apple.product-type.bundle.unit-test";
		};
		958CB0542AF5E85B00BFEEA8 /* devmocksUITests */ = {
			isa = PBXNativeTarget;
			buildConfigurationList = 958CB0652AF5E85B00BFEEA8 /* Build configuration list for PBXNativeTarget "devmocksUITests" */;
			buildPhases = (
				958CB0512AF5E85B00BFEEA8 /* Sources */,
				958CB0522AF5E85B00BFEEA8 /* Frameworks */,
				958CB0532AF5E85B00BFEEA8 /* Resources */,
			);
			buildRules = (
			);
			dependencies = (
				958CB0572AF5E85B00BFEEA8 /* PBXTargetDependency */,
			);
			name = devmocksUITests;
			productName = devmocksUITests;
			productReference = 958CB0552AF5E85B00BFEEA8 /* devmocksUITests.xctest */;
			productType = "com.apple.product-type.bundle.ui-testing";
		};
/* End PBXNativeTarget section */

/* Begin PBXProject section */
		958CB0332AF5E85800BFEEA8 /* Project object */ = {
			isa = PBXProject;
			attributes = {
				BuildIndependentTargetsInParallel = 1;
				LastSwiftUpdateCheck = 1500;
				LastUpgradeCheck = 1500;
				TargetAttributes = {
					958CB03A2AF5E85800BFEEA8 = {
						CreatedOnToolsVersion = 15.0;
					};
					958CB04A2AF5E85B00BFEEA8 = {
						CreatedOnToolsVersion = 15.0;
						TestTargetID = 958CB03A2AF5E85800BFEEA8;
					};
					958CB0542AF5E85B00BFEEA8 = {
						CreatedOnToolsVersion = 15.0;
						TestTargetID = 958CB03A2AF5E85800BFEEA8;
					};
				};
			};
			buildConfigurationList = 958CB0362AF5E85800BFEEA8 /* Build configuration list for PBXProject "devmocks" */;
			compatibilityVersion = "Xcode 14.0";
			developmentRegion = en;
			hasScannedForEncodings = 0;
			knownRegions = (
				en,
				Base,
			);
			mainGroup = 958CB0322AF5E85800BFEEA8;
			productRefGroup = 958CB03C2AF5E85800BFEEA8 /* Products */;
			projectDirPath = "";
			projectRoot = "";
			targets = (
				958CB03A2AF5E85800BFEEA8 /* devmocks */,
				958CB04A2AF5E85B00BFEEA8 /* devmocksTests */,
				958CB0542AF5E85B00BFEEA8 /* devmocksUITests */,
			);
		};
/* End PBXProject section */

/* Begin PBXResourcesBuildPhase section */
		958CB0392AF5E85800BFEEA8 /* Resources */ = {
			isa = PBXResourcesBuildPhase;
			buildActionMask = 2147483647;
			files = (
				958CB0462AF5E85A00BFEEA8 /* Preview Assets.xcassets in Resources */,
				958CB0432AF5E85A00BFEEA8 /* Assets.xcassets in Resources */,
			);
			runOnlyForDeploymentPostprocessing = 0;
		};
		958CB0492AF5E85B00BFEEA8 /* Resources */ = {
			isa = PBXResourcesBuildPhase;
			buildActionMask = 2147483647;
			files = (
			);
			runOnlyForDeploymentPostprocessing = 0;
		};
		958CB0532AF5E85B00BFEEA8 /* Resources */ = {
			isa = PBXResourcesBuildPhase;
			buildActionMask = 2147483647;
			files = (
			);
			runOnlyForDeploymentPostprocessing = 0;
		};
/* End PBXResourcesBuildPhase section */

/* Begin PBXSourcesBuildPhase section */
		958CB0372AF5E85800BFEEA8 /* Sources */ = {
			isa = PBXSourcesBuildPhase;
			buildActionMask = 2147483647;
			files = (
				958CB0412AF5E85800BFEEA8 /* ContentView.swift in Sources */,
				958CB03F2AF5E85800BFEEA8 /* devmocksApp.swift in Sources */,
				958CB0692AF603CE00BFEEA8 /* DailyPrompt.swift in Sources */,
			);
			runOnlyForDeploymentPostprocessing = 0;
		};
		958CB0472AF5E85B00BFEEA8 /* Sources */ = {
			isa = PBXSourcesBuildPhase;
			buildActionMask = 2147483647;
			files = (
				958CB0502AF5E85B00BFEEA8 /* devmocksTests.swift in Sources */,
			);
			runOnlyForDeploymentPostprocessing = 0;
		};
		958CB0512AF5E85B00BFEEA8 /* Sources */ = {
			isa = PBXSourcesBuildPhase;
			buildActionMask = 2147483647;
			files = (
				958CB05C2AF5E85B00BFEEA8 /* devmocksUITestsLaunchTests.swift in Sources */,
				958CB05A2AF5E85B00BFEEA8 /* devmocksUITests.swift in Sources */,
			);
			runOnlyForDeploymentPostprocessing = 0;
		};
/* End PBXSourcesBuildPhase section */

/* Begin PBXTargetDependency section */
		958CB04D2AF5E85B00BFEEA8 /* PBXTargetDependency */ = {
			isa = PBXTargetDependency;
			target = 958CB03A2AF5E85800BFEEA8 /* devmocks */;
			targetProxy = 958CB04C2AF5E85B00BFEEA8 /* PBXContainerItemProxy */;
		};
		958CB0572AF5E85B00BFEEA8 /* PBXTargetDependency */ = {
			isa = PBXTargetDependency;
			target = 958CB03A2AF5E85800BFEEA8 /* devmocks */;
			targetProxy = 958CB0562AF5E85B00BFEEA8 /* PBXContainerItemProxy */;
		};
/* End PBXTargetDependency section */

/* Begin XCBuildConfiguration section */
		958CB05D2AF5E85B00BFEEA8 /* Debug */ = {
			isa = XCBuildConfiguration;
			buildSettings = {
				ALWAYS_SEARCH_USER_PATHS = NO;
				ASSETCATALOG_COMPILER_GENERATE_SWIFT_ASSET_SYMBOL_EXTENSIONS = YES;
				CLANG_ANALYZER_NONNULL = YES;
				CLANG_ANALYZER_NUMBER_OBJECT_CONVERSION = YES_AGGRESSIVE;
				CLANG_CXX_LANGUAGE_STANDARD = "gnu++20";
				CLANG_ENABLE_MODULES = YES;
				CLANG_ENABLE_OBJC_ARC = YES;
				CLANG_ENABLE_OBJC_WEAK = YES;
				CLANG_WARN_BLOCK_CAPTURE_AUTORELEASING = YES;
				CLANG_WARN_BOOL_CONVERSION = YES;
				CLANG_WARN_COMMA = YES;
				CLANG_WARN_CONSTANT_CONVERSION = YES;
				CLANG_WARN_DEPRECATED_OBJC_IMPLEMENTATIONS = YES;
				CLANG_WARN_DIRECT_OBJC_ISA_USAGE = YES_ERROR;
				CLANG_WARN_DOCUMENTATION_COMMENTS = YES;
				CLANG_WARN_EMPTY_BODY = YES;
				CLANG_WARN_ENUM_CONVERSION = YES;
				CLANG_WARN_INFINITE_RECURSION = YES;
				CLANG_WARN_INT_CONVERSION = YES;
				CLANG_WARN_NON_LITERAL_NULL_CONVERSION = YES;
				CLANG_WARN_OBJC_IMPLICIT_RETAIN_SELF = YES;
				CLANG_WARN_OBJC_LITERAL_CONVERSION = YES;
				CLANG_WARN_OBJC_ROOT_CLASS = YES_ERROR;
				CLANG_WARN_QUOTED_INCLUDE_IN_FRAMEWORK_HEADER = YES;
				CLANG_WARN_RANGE_LOOP_ANALYSIS = YES;
				CLANG_WARN_STRICT_PROTOTYPES = YES;
				CLANG_WARN_SUSPICIOUS_MOVE = YES;
				CLANG_WARN_UNGUARDED_AVAILABILITY = YES_AGGRESSIVE;
				CLANG_WARN_UNREACHABLE_CODE = YES;
				CLANG_WARN__DUPLICATE_METHOD_MATCH = YES;
				COPY_PHASE_STRIP = NO;
				DEBUG_INFORMATION_FORMAT = dwarf;
				ENABLE_STRICT_OBJC_MSGSEND = YES;
				ENABLE_TESTABILITY = YES;
				ENABLE_USER_SCRIPT_SANDBOXING = YES;
				GCC_C_LANGUAGE_STANDARD = gnu17;
				GCC_DYNAMIC_NO_PIC = NO;
				GCC_NO_COMMON_BLOCKS = YES;
				GCC_OPTIMIZATION_LEVEL = 0;
				GCC_PREPROCESSOR_DEFINITIONS = (
					"DEBUG=1",
					"$(inherited)",
				);
				GCC_WARN_64_TO_32_BIT_CONVERSION = YES;
				GCC_WARN_ABOUT_RETURN_TYPE = YES_ERROR;
				GCC_WARN_UNDECLARED_SELECTOR = YES;
				GCC_WARN_UNINITIALIZED_AUTOS = YES_AGGRESSIVE;
				GCC_WARN_UNUSED_FUNCTION = YES;
				GCC_WARN_UNUSED_VARIABLE = YES;
				IPHONEOS_DEPLOYMENT_TARGET = 17.0;
				LOCALIZATION_PREFERS_STRING_CATALOGS = YES;
				MTL_ENABLE_DEBUG_INFO = INCLUDE_SOURCE;
				MTL_FAST_MATH = YES;
				ONLY_ACTIVE_ARCH = YES;
				SDKROOT = iphoneos;
				SWIFT_ACTIVE_COMPILATION_CONDITIONS = "DEBUG $(inherited)";
				SWIFT_OPTIMIZATION_LEVEL = "-Onone";
			};
			name = Debug;
		};
		958CB05E2AF5E85B00BFEEA8 /* Release */ = {
			isa = XCBuildConfiguration;
			buildSettings = {
				ALWAYS_SEARCH_USER_PATHS = NO;
				ASSETCATALOG_COMPILER_GENERATE_SWIFT_ASSET_SYMBOL_EXTENSIONS = YES;
				CLANG_ANALYZER_NONNULL = YES;
				CLANG_ANALYZER_NUMBER_OBJECT_CONVERSION = YES_AGGRESSIVE;
				CLANG_CXX_LANGUAGE_STANDARD = "gnu++20";
				CLANG_ENABLE_MODULES = YES;
				CLANG_ENABLE_OBJC_ARC = YES;
				CLANG_ENABLE_OBJC_WEAK = YES;
				CLANG_WARN_BLOCK_CAPTURE_AUTORELEASING = YES;
				CLANG_WARN_BOOL_CONVERSION = YES;
				CLANG_WARN_COMMA = YES;
				CLANG_WARN_CONSTANT_CONVERSION = YES;
				CLANG_WARN_DEPRECATED_OBJC_IMPLEMENTATIONS = YES;
				CLANG_WARN_DIRECT_OBJC_ISA_USAGE = YES_ERROR;
				CLANG_WARN_DOCUMENTATION_COMMENTS = YES;
				CLANG_WARN_EMPTY_BODY = YES;
				CLANG_WARN_ENUM_CONVERSION = YES;
				CLANG_WARN_INFINITE_RECURSION = YES;
				CLANG_WARN_INT_CONVERSION = YES;
				CLANG_WARN_NON_LITERAL_NULL_CONVERSION = YES;
				CLANG_WARN_OBJC_IMPLICIT_RETAIN_SELF = YES;
				CLANG_WARN_OBJC_LITERAL_CONVERSION = YES;
				CLANG_WARN_OBJC_ROOT_CLASS = YES_ERROR;
				CLANG_WARN_QUOTED_INCLUDE_IN_FRAMEWORK_HEADER = YES;
				CLANG_WARN_RANGE_LOOP_ANALYSIS = YES;
				CLANG_WARN_STRICT_PROTOTYPES = YES;
				CLANG_WARN_SUSPICIOUS_MOVE = YES;
				CLANG_WARN_UNGUARDED_AVAILABILITY = YES_AGGRESSIVE;
				CLANG_WARN_UNREACHABLE_CODE = YES;
				CLANG_WARN__DUPLICATE_METHOD_MATCH = YES;
				COPY_PHASE_STRIP = NO;
				DEBUG_INFORMATION_FORMAT = "dwarf-with-dsym";
				ENABLE_NS_ASSERTIONS = NO;
				ENABLE_STRICT_OBJC_MSGSEND = YES;
				ENABLE_USER_SCRIPT_SANDBOXING = YES;
				GCC_C_LANGUAGE_STANDARD = gnu17;
				GCC_NO_COMMON_BLOCKS = YES;
				GCC_WARN_64_TO_32_BIT_CONVERSION = YES;
				GCC_WARN_ABOUT_RETURN_TYPE = YES_ERROR;
				GCC_WARN_UNDECLARED_SELECTOR = YES;
				GCC_WARN_UNINITIALIZED_AUTOS = YES_AGGRESSIVE;
				GCC_WARN_UNUSED_FUNCTION = YES;
				GCC_WARN_UNUSED_VARIABLE = YES;
				IPHONEOS_DEPLOYMENT_TARGET = 17.0;
				LOCALIZATION_PREFERS_STRING_CATALOGS = YES;
				MTL_ENABLE_DEBUG_INFO = NO;
				MTL_FAST_MATH = YES;
				SDKROOT = iphoneos;
				SWIFT_COMPILATION_MODE = wholemodule;
				VALIDATE_PRODUCT = YES;
			};
			name = Release;
		};
		958CB0602AF5E85B00BFEEA8 /* Debug */ = {
			isa = XCBuildConfiguration;
			buildSettings = {
				ASSETCATALOG_COMPILER_APPICON_NAME = AppIcon;
				ASSETCATALOG_COMPILER_GLOBAL_ACCENT_COLOR_NAME = AccentColor;
				CODE_SIGN_STYLE = Automatic;
				CURRENT_PROJECT_VERSION = 1;
				DEVELOPMENT_ASSET_PATHS = "\"devmocks/Preview Content\"";
				DEVELOPMENT_TEAM = C5W2255YVZ;
				ENABLE_PREVIEWS = YES;
				GENERATE_INFOPLIST_FILE = YES;
				INFOPLIST_KEY_UIApplicationSceneManifest_Generation = YES;
				INFOPLIST_KEY_UIApplicationSupportsIndirectInputEvents = YES;
				INFOPLIST_KEY_UILaunchScreen_Generation = YES;
				INFOPLIST_KEY_UILaunchStoryboardName = "";
				INFOPLIST_KEY_UISupportedInterfaceOrientations = UIInterfaceOrientationPortrait;
				LD_RUNPATH_SEARCH_PATHS = (
					"$(inherited)",
					"@executable_path/Frameworks",
				);
				MARKETING_VERSION = 1.0;
				PRODUCT_BUNDLE_IDENTIFIER = design.salmons.devmocks;
				PRODUCT_NAME = "$(TARGET_NAME)";
				SUPPORTED_PLATFORMS = "iphoneos iphonesimulator";
				SUPPORTS_MACCATALYST = NO;
				SUPPORTS_MAC_DESIGNED_FOR_IPHONE_IPAD = NO;
				SWIFT_EMIT_LOC_STRINGS = YES;
				SWIFT_VERSION = 5.0;
				TARGETED_DEVICE_FAMILY = 1;
			};
			name = Debug;
		};
		958CB0612AF5E85B00BFEEA8 /* Release */ = {
			isa = XCBuildConfiguration;
			buildSettings = {
				ASSETCATALOG_COMPILER_APPICON_NAME = AppIcon;
				ASSETCATALOG_COMPILER_GLOBAL_ACCENT_COLOR_NAME = AccentColor;
				CODE_SIGN_STYLE = Automatic;
				CURRENT_PROJECT_VERSION = 1;
				DEVELOPMENT_ASSET_PATHS = "\"devmocks/Preview Content\"";
				DEVELOPMENT_TEAM = C5W2255YVZ;
				ENABLE_PREVIEWS = YES;
				GENERATE_INFOPLIST_FILE = YES;
				INFOPLIST_KEY_UIApplicationSceneManifest_Generation = YES;
				INFOPLIST_KEY_UIApplicationSupportsIndirectInputEvents = YES;
				INFOPLIST_KEY_UILaunchScreen_Generation = YES;
				INFOPLIST_KEY_UILaunchStoryboardName = "";
				INFOPLIST_KEY_UISupportedInterfaceOrientations = UIInterfaceOrientationPortrait;
				LD_RUNPATH_SEARCH_PATHS = (
					"$(inherited)",
					"@executable_path/Frameworks",
				);
				MARKETING_VERSION = 1.0;
				PRODUCT_BUNDLE_IDENTIFIER = design.salmons.devmocks;
				PRODUCT_NAME = "$(TARGET_NAME)";
				SUPPORTED_PLATFORMS = "iphoneos iphonesimulator";
				SUPPORTS_MACCATALYST = NO;
				SUPPORTS_MAC_DESIGNED_FOR_IPHONE_IPAD = NO;
				SWIFT_EMIT_LOC_STRINGS = YES;
				SWIFT_VERSION = 5.0;
				TARGETED_DEVICE_FAMILY = 1;
			};
			name = Release;
		};
		958CB0632AF5E85B00BFEEA8 /* Debug */ = {
			isa = XCBuildConfiguration;
			buildSettings = {
				ALWAYS_EMBED_SWIFT_STANDARD_LIBRARIES = YES;
				BUNDLE_LOADER = "$(TEST_HOST)";
				CODE_SIGN_STYLE = Automatic;
				CURRENT_PROJECT_VERSION = 1;
				DEVELOPMENT_TEAM = C5W2255YVZ;
				GENERATE_INFOPLIST_FILE = YES;
				IPHONEOS_DEPLOYMENT_TARGET = 17.0;
				MARKETING_VERSION = 1.0;
				PRODUCT_BUNDLE_IDENTIFIER = design.salmons.devmocksTests;
				PRODUCT_NAME = "$(TARGET_NAME)";
				SWIFT_EMIT_LOC_STRINGS = NO;
				SWIFT_VERSION = 5.0;
				TARGETED_DEVICE_FAMILY = "1,2";
				TEST_HOST = "$(BUILT_PRODUCTS_DIR)/devmocks.app/$(BUNDLE_EXECUTABLE_FOLDER_PATH)/devmocks";
			};
			name = Debug;
		};
		958CB0642AF5E85B00BFEEA8 /* Release */ = {
			isa = XCBuildConfiguration;
			buildSettings = {
				ALWAYS_EMBED_SWIFT_STANDARD_LIBRARIES = YES;
				BUNDLE_LOADER = "$(TEST_HOST)";
				CODE_SIGN_STYLE = Automatic;
				CURRENT_PROJECT_VERSION = 1;
				DEVELOPMENT_TEAM = C5W2255YVZ;
				GENERATE_INFOPLIST_FILE = YES;
				IPHONEOS_DEPLOYMENT_TARGET = 17.0;
				MARKETING_VERSION = 1.0;
				PRODUCT_BUNDLE_IDENTIFIER = design.salmons.devmocksTests;
				PRODUCT_NAME = "$(TARGET_NAME)";
				SWIFT_EMIT_LOC_STRINGS = NO;
				SWIFT_VERSION = 5.0;
				TARGETED_DEVICE_FAMILY = "1,2";
				TEST_HOST = "$(BUILT_PRODUCTS_DIR)/devmocks.app/$(BUNDLE_EXECUTABLE_FOLDER_PATH)/devmocks";
			};
			name = Release;
		};
		958CB0662AF5E85B00BFEEA8 /* Debug */ = {
			isa = XCBuildConfiguration;
			buildSettings = {
				ALWAYS_EMBED_SWIFT_STANDARD_LIBRARIES = YES;
				CODE_SIGN_STYLE = Automatic;
				CURRENT_PROJECT_VERSION = 1;
				DEVELOPMENT_TEAM = C5W2255YVZ;
				GENERATE_INFOPLIST_FILE = YES;
				MARKETING_VERSION = 1.0;
				PRODUCT_BUNDLE_IDENTIFIER = design.salmons.devmocksUITests;
				PRODUCT_NAME = "$(TARGET_NAME)";
				SWIFT_EMIT_LOC_STRINGS = NO;
				SWIFT_VERSION = 5.0;
				TARGETED_DEVICE_FAMILY = "1,2";
				TEST_TARGET_NAME = devmocks;
			};
			name = Debug;
		};
		958CB0672AF5E85B00BFEEA8 /* Release */ = {
			isa = XCBuildConfiguration;
			buildSettings = {
				ALWAYS_EMBED_SWIFT_STANDARD_LIBRARIES = YES;
				CODE_SIGN_STYLE = Automatic;
				CURRENT_PROJECT_VERSION = 1;
				DEVELOPMENT_TEAM = C5W2255YVZ;
				GENERATE_INFOPLIST_FILE = YES;
				MARKETING_VERSION = 1.0;
				PRODUCT_BUNDLE_IDENTIFIER = design.salmons.devmocksUITests;
				PRODUCT_NAME = "$(TARGET_NAME)";
				SWIFT_EMIT_LOC_STRINGS = NO;
				SWIFT_VERSION = 5.0;
				TARGETED_DEVICE_FAMILY = "1,2";
				TEST_TARGET_NAME = devmocks;
			};
			name = Release;
		};
/* End XCBuildConfiguration section */

/* Begin XCConfigurationList section */
		958CB0362AF5E85800BFEEA8 /* Build configuration list for PBXProject "devmocks" */ = {
			isa = XCConfigurationList;
			buildConfigurations = (
				958CB05D2AF5E85B00BFEEA8 /* Debug */,
				958CB05E2AF5E85B00BFEEA8 /* Release */,
			);
			defaultConfigurationIsVisible = 0;
			defaultConfigurationName = Release;
		};
		958CB05F2AF5E85B00BFEEA8 /* Build configuration list for PBXNativeTarget "devmocks" */ = {
			isa = XCConfigurationList;
			buildConfigurations = (
				958CB0602AF5E85B00BFEEA8 /* Debug */,
				958CB0612AF5E85B00BFEEA8 /* Release */,
			);
			defaultConfigurationIsVisible = 0;
			defaultConfigurationName = Release;
		};
		958CB0622AF5E85B00BFEEA8 /* Build configuration list for PBXNativeTarget "devmocksTests" */ = {
			isa = XCConfigurationList;
			buildConfigurations = (
				958CB0632AF5E85B00BFEEA8 /* Debug */,
				958CB0642AF5E85B00BFEEA8 /* Release */,
			);
			defaultConfigurationIsVisible = 0;
			defaultConfigurationName = Release;
		};
		958CB0652AF5E85B00BFEEA8 /* Build configuration list for PBXNativeTarget "devmocksUITests" */ = {
			isa = XCConfigurationList;
			buildConfigurations = (
				958CB0662AF5E85B00BFEEA8 /* Debug */,
				958CB0672AF5E85B00BFEEA8 /* Release */,
			);
			defaultConfigurationIsVisible = 0;
			defaultConfigurationName = Release;
		};
/* End XCConfigurationList section */
	};
	rootObject = 958CB0332AF5E85800BFEEA8 /* Project object */;
}
